// !$*UTF8*$!
{
	archiveVersion = 1;
	classes = {
	};
	objectVersion = 56;
	objects = {

/* Begin PBXBuildFile section */
		6C5F18FB2924932F007E792A /* AppDelegate.swift in Sources */ = {isa = PBXBuildFile; fileRef = 6C5F18FA2924932F007E792A /* AppDelegate.swift */; };
		6C5F18FD2924932F007E792A /* SceneDelegate.swift in Sources */ = {isa = PBXBuildFile; fileRef = 6C5F18FC2924932F007E792A /* SceneDelegate.swift */; };
		6C5F18FF2924932F007E792A /* ViewController.swift in Sources */ = {isa = PBXBuildFile; fileRef = 6C5F18FE2924932F007E792A /* ViewController.swift */; };
		6C5F19022924932F007E792A /* Main.storyboard in Resources */ = {isa = PBXBuildFile; fileRef = 6C5F19002924932F007E792A /* Main.storyboard */; };
		6C5F190429249330007E792A /* Assets.xcassets in Resources */ = {isa = PBXBuildFile; fileRef = 6C5F190329249330007E792A /* Assets.xcassets */; };
		6C5F190729249330007E792A /* LaunchScreen.storyboard in Resources */ = {isa = PBXBuildFile; fileRef = 6C5F190529249330007E792A /* LaunchScreen.storyboard */; };
		6C5F191329249571007E792A /* ScreenOneViewController.swift in Sources */ = {isa = PBXBuildFile; fileRef = 6C5F191229249571007E792A /* ScreenOneViewController.swift */; };
		6C5F1915292495A5007E792A /* ScreenTwoViewController.swift in Sources */ = {isa = PBXBuildFile; fileRef = 6C5F1914292495A5007E792A /* ScreenTwoViewController.swift */; };
		6C5F1917292495BC007E792A /* ScreenThreeViewController.swift in Sources */ = {isa = PBXBuildFile; fileRef = 6C5F1916292495BC007E792A /* ScreenThreeViewController.swift */; };
		6C5F1919292495D4007E792A /* ScreenFourViewController.swift in Sources */ = {isa = PBXBuildFile; fileRef = 6C5F1918292495D4007E792A /* ScreenFourViewController.swift */; };
		6C5F191B292495F1007E792A /* ScreenFiveViewController.swift in Sources */ = {isa = PBXBuildFile; fileRef = 6C5F191A292495F1007E792A /* ScreenFiveViewController.swift */; };
		6C5F19212924A646007E792A /* CustomTableViewCell.swift in Sources */ = {isa = PBXBuildFile; fileRef = 6C5F191F2924A646007E792A /* CustomTableViewCell.swift */; };
		6C5F19222924A646007E792A /* CustomTableViewCell.xib in Resources */ = {isa = PBXBuildFile; fileRef = 6C5F19202924A646007E792A /* CustomTableViewCell.xib */; };
		6C5F192A2924AD7F007E792A /* ScreeOne.storyboard in Resources */ = {isa = PBXBuildFile; fileRef = 6C5F19292924AD7F007E792A /* ScreeOne.storyboard */; };
/* End PBXBuildFile section */

/* Begin PBXFileReference section */
		6C5F18F72924932F007E792A /* NavigationControllerProgrammatically.app */ = {isa = PBXFileReference; explicitFileType = wrapper.application; includeInIndex = 0; path = NavigationControllerProgrammatically.app; sourceTree = BUILT_PRODUCTS_DIR; };
		6C5F18FA2924932F007E792A /* AppDelegate.swift */ = {isa = PBXFileReference; lastKnownFileType = sourcecode.swift; path = AppDelegate.swift; sourceTree = "<group>"; };
		6C5F18FC2924932F007E792A /* SceneDelegate.swift */ = {isa = PBXFileReference; lastKnownFileType = sourcecode.swift; path = SceneDelegate.swift; sourceTree = "<group>"; };
		6C5F18FE2924932F007E792A /* ViewController.swift */ = {isa = PBXFileReference; lastKnownFileType = sourcecode.swift; path = ViewController.swift; sourceTree = "<group>"; };
		6C5F19012924932F007E792A /* Base */ = {isa = PBXFileReference; lastKnownFileType = file.storyboard; name = Base; path = Base.lproj/Main.storyboard; sourceTree = "<group>"; };
		6C5F190329249330007E792A /* Assets.xcassets */ = {isa = PBXFileReference; lastKnownFileType = folder.assetcatalog; path = Assets.xcassets; sourceTree = "<group>"; };
		6C5F190629249330007E792A /* Base */ = {isa = PBXFileReference; lastKnownFileType = file.storyboard; name = Base; path = Base.lproj/LaunchScreen.storyboard; sourceTree = "<group>"; };
		6C5F190829249330007E792A /* Info.plist */ = {isa = PBXFileReference; lastKnownFileType = text.plist.xml; path = Info.plist; sourceTree = "<group>"; };
		6C5F191229249571007E792A /* ScreenOneViewController.swift */ = {isa = PBXFileReference; lastKnownFileType = sourcecode.swift; path = ScreenOneViewController.swift; sourceTree = "<group>"; };
		6C5F1914292495A5007E792A /* ScreenTwoViewController.swift */ = {isa = PBXFileReference; lastKnownFileType = sourcecode.swift; path = ScreenTwoViewController.swift; sourceTree = "<group>"; };
		6C5F1916292495BC007E792A /* ScreenThreeViewController.swift */ = {isa = PBXFileReference; lastKnownFileType = sourcecode.swift; path = ScreenThreeViewController.swift; sourceTree = "<group>"; };
		6C5F1918292495D4007E792A /* ScreenFourViewController.swift */ = {isa = PBXFileReference; lastKnownFileType = sourcecode.swift; path = ScreenFourViewController.swift; sourceTree = "<group>"; };
		6C5F191A292495F1007E792A /* ScreenFiveViewController.swift */ = {isa = PBXFileReference; lastKnownFileType = sourcecode.swift; path = ScreenFiveViewController.swift; sourceTree = "<group>"; };
		6C5F191F2924A646007E792A /* CustomTableViewCell.swift */ = {isa = PBXFileReference; lastKnownFileType = sourcecode.swift; path = CustomTableViewCell.swift; sourceTree = "<group>"; };
		6C5F19202924A646007E792A /* CustomTableViewCell.xib */ = {isa = PBXFileReference; lastKnownFileType = file.xib; path = CustomTableViewCell.xib; sourceTree = "<group>"; };
		6C5F19292924AD7F007E792A /* ScreeOne.storyboard */ = {isa = PBXFileReference; lastKnownFileType = file.storyboard; path = ScreeOne.storyboard; sourceTree = "<group>"; };
/* End PBXFileReference section */

/* Begin PBXFrameworksBuildPhase section */
		6C5F18F42924932F007E792A /* Frameworks */ = {
			isa = PBXFrameworksBuildPhase;
			buildActionMask = 2147483647;
			files = (
			);
			runOnlyForDeploymentPostprocessing = 0;
		};
/* End PBXFrameworksBuildPhase section */

/* Begin PBXGroup section */
		6C5F18EE2924932F007E792A = {
			isa = PBXGroup;
			children = (
				6C5F18F92924932F007E792A /* NavigationControllerProgrammatically */,
				6C5F18F82924932F007E792A /* Products */,
			);
			sourceTree = "<group>";
		};
		6C5F18F82924932F007E792A /* Products */ = {
			isa = PBXGroup;
			children = (
				6C5F18F72924932F007E792A /* NavigationControllerProgrammatically.app */,
			);
			name = Products;
			sourceTree = "<group>";
		};
		6C5F18F92924932F007E792A /* NavigationControllerProgrammatically */ = {
			isa = PBXGroup;
			children = (
				6C5F191E2924A626007E792A /* Cell */,
				6C5F191129249549007E792A /* LaunchScreen */,
				6C5F19102924953A007E792A /* Delegates */,
				6C5F190F29249524007E792A /* MainViewController */,
				6C5F190E29249501007E792A /* ViewControllers */,
				6C5F190329249330007E792A /* Assets.xcassets */,
				6C5F190829249330007E792A /* Info.plist */,
			);
			path = NavigationControllerProgrammatically;
			sourceTree = "<group>";
		};
		6C5F190E29249501007E792A /* ViewControllers */ = {
			isa = PBXGroup;
			children = (
				6C5F191229249571007E792A /* ScreenOneViewController.swift */,
				6C5F19292924AD7F007E792A /* ScreeOne.storyboard */,
				6C5F1914292495A5007E792A /* ScreenTwoViewController.swift */,
				6C5F1916292495BC007E792A /* ScreenThreeViewController.swift */,
				6C5F1918292495D4007E792A /* ScreenFourViewController.swift */,
				6C5F191A292495F1007E792A /* ScreenFiveViewController.swift */,
			);
			path = ViewControllers;
			sourceTree = "<group>";
		};
		6C5F190F29249524007E792A /* MainViewController */ = {
			isa = PBXGroup;
			children = (
				6C5F18FE2924932F007E792A /* ViewController.swift */,
				6C5F19002924932F007E792A /* Main.storyboard */,
			);
			path = MainViewController;
			sourceTree = "<group>";
		};
		6C5F19102924953A007E792A /* Delegates */ = {
			isa = PBXGroup;
			children = (
				6C5F18FA2924932F007E792A /* AppDelegate.swift */,
				6C5F18FC2924932F007E792A /* SceneDelegate.swift */,
			);
			path = Delegates;
			sourceTree = "<group>";
		};
		6C5F191129249549007E792A /* LaunchScreen */ = {
			isa = PBXGroup;
			children = (
				6C5F190529249330007E792A /* LaunchScreen.storyboard */,
			);
			path = LaunchScreen;
			sourceTree = "<group>";
		};
		6C5F191E2924A626007E792A /* Cell */ = {
			isa = PBXGroup;
			children = (
				6C5F191F2924A646007E792A /* CustomTableViewCell.swift */,
				6C5F19202924A646007E792A /* CustomTableViewCell.xib */,
			);
			path = Cell;
			sourceTree = "<group>";
		};
/* End PBXGroup section */

/* Begin PBXNativeTarget section */
		6C5F18F62924932F007E792A /* NavigationControllerProgrammatically */ = {
			isa = PBXNativeTarget;
			buildConfigurationList = 6C5F190B29249330007E792A /* Build configuration list for PBXNativeTarget "NavigationControllerProgrammatically" */;
			buildPhases = (
				6C5F18F32924932F007E792A /* Sources */,
				6C5F18F42924932F007E792A /* Frameworks */,
				6C5F18F52924932F007E792A /* Resources */,
			);
			buildRules = (
			);
			dependencies = (
			);
			name = NavigationControllerProgrammatically;
			productName = NavigationControllerProgrammatically;
			productReference = 6C5F18F72924932F007E792A /* NavigationControllerProgrammatically.app */;
			productType = "com.apple.product-type.application";
		};
/* End PBXNativeTarget section */

/* Begin PBXProject section */
		6C5F18EF2924932F007E792A /* Project object */ = {
			isa = PBXProject;
			attributes = {
				BuildIndependentTargetsInParallel = 1;
				LastSwiftUpdateCheck = 1400;
				LastUpgradeCheck = 1400;
				TargetAttributes = {
					6C5F18F62924932F007E792A = {
						CreatedOnToolsVersion = 14.0;
					};
				};
			};
			buildConfigurationList = 6C5F18F22924932F007E792A /* Build configuration list for PBXProject "NavigationControllerProgrammatically" */;
			compatibilityVersion = "Xcode 14.0";
			developmentRegion = en;
			hasScannedForEncodings = 0;
			knownRegions = (
				en,
				Base,
			);
			mainGroup = 6C5F18EE2924932F007E792A;
			productRefGroup = 6C5F18F82924932F007E792A /* Products */;
			projectDirPath = "";
			projectRoot = "";
			targets = (
				6C5F18F62924932F007E792A /* NavigationControllerProgrammatically */,
			);
		};
/* End PBXProject section */

/* Begin PBXResourcesBuildPhase section */
		6C5F18F52924932F007E792A /* Resources */ = {
			isa = PBXResourcesBuildPhase;
			buildActionMask = 2147483647;
			files = (
				6C5F190729249330007E792A /* LaunchScreen.storyboard in Resources */,
				6C5F192A2924AD7F007E792A /* ScreeOne.storyboard in Resources */,
				6C5F190429249330007E792A /* Assets.xcassets in Resources */,
				6C5F19222924A646007E792A /* CustomTableViewCell.xib in Resources */,
				6C5F19022924932F007E792A /* Main.storyboard in Resources */,
			);
			runOnlyForDeploymentPostprocessing = 0;
		};
/* End PBXResourcesBuildPhase section */

/* Begin PBXSourcesBuildPhase section */
		6C5F18F32924932F007E792A /* Sources */ = {
			isa = PBXSourcesBuildPhase;
			buildActionMask = 2147483647;
			files = (
				6C5F19212924A646007E792A /* CustomTableViewCell.swift in Sources */,
				6C5F18FF2924932F007E792A /* ViewController.swift in Sources */,
				6C5F1917292495BC007E792A /* ScreenThreeViewController.swift in Sources */,
				6C5F191B292495F1007E792A /* ScreenFiveViewController.swift in Sources */,
				6C5F1915292495A5007E792A /* ScreenTwoViewController.swift in Sources */,
				6C5F1919292495D4007E792A /* ScreenFourViewController.swift in Sources */,
				6C5F191329249571007E792A /* ScreenOneViewController.swift in Sources */,
				6C5F18FB2924932F007E792A /* AppDelegate.swift in Sources */,
				6C5F18FD2924932F007E792A /* SceneDelegate.swift in Sources */,
			);
			runOnlyForDeploymentPostprocessing = 0;
		};
/* End PBXSourcesBuildPhase section */

/* Begin PBXVariantGroup section */
		6C5F19002924932F007E792A /* Main.storyboard */ = {
			isa = PBXVariantGroup;
			children = (
				6C5F19012924932F007E792A /* Base */,
			);
			name = Main.storyboard;
			sourceTree = "<group>";
		};
		6C5F190529249330007E792A /* LaunchScreen.storyboard */ = {
			isa = PBXVariantGroup;
			children = (
				6C5F190629249330007E792A /* Base */,
			);
			name = LaunchScreen.storyboard;
			sourceTree = "<group>";
		};
/* End PBXVariantGroup section */

/* Begin XCBuildConfiguration section */
		6C5F190929249330007E792A /* Debug */ = {
			isa = XCBuildConfiguration;
			buildSettings = {
				ALWAYS_SEARCH_USER_PATHS = NO;
				CLANG_ANALYZER_NONNULL = YES;
				CLANG_ANALYZER_NUMBER_OBJECT_CONVERSION = YES_AGGRESSIVE;
				CLANG_CXX_LANGUAGE_STANDARD = "gnu++20";
				CLANG_ENABLE_MODULES = YES;
				CLANG_ENABLE_OBJC_ARC = YES;
				CLANG_ENABLE_OBJC_WEAK = YES;
				CLANG_WARN_BLOCK_CAPTURE_AUTORELEASING = YES;
				CLANG_WARN_BOOL_CONVERSION = YES;
				CLANG_WARN_COMMA = YES;
				CLANG_WARN_CONSTANT_CONVERSION = YES;
				CLANG_WARN_DEPRECATED_OBJC_IMPLEMENTATIONS = YES;
				CLANG_WARN_DIRECT_OBJC_ISA_USAGE = YES_ERROR;
				CLANG_WARN_DOCUMENTATION_COMMENTS = YES;
				CLANG_WARN_EMPTY_BODY = YES;
				CLANG_WARN_ENUM_CONVERSION = YES;
				CLANG_WARN_INFINITE_RECURSION = YES;
				CLANG_WARN_INT_CONVERSION = YES;
				CLANG_WARN_NON_LITERAL_NULL_CONVERSION = YES;
				CLANG_WARN_OBJC_IMPLICIT_RETAIN_SELF = YES;
				CLANG_WARN_OBJC_LITERAL_CONVERSION = YES;
				CLANG_WARN_OBJC_ROOT_CLASS = YES_ERROR;
				CLANG_WARN_QUOTED_INCLUDE_IN_FRAMEWORK_HEADER = YES;
				CLANG_WARN_RANGE_LOOP_ANALYSIS = YES;
				CLANG_WARN_STRICT_PROTOTYPES = YES;
				CLANG_WARN_SUSPICIOUS_MOVE = YES;
				CLANG_WARN_UNGUARDED_AVAILABILITY = YES_AGGRESSIVE;
				CLANG_WARN_UNREACHABLE_CODE = YES;
				CLANG_WARN__DUPLICATE_METHOD_MATCH = YES;
				COPY_PHASE_STRIP = NO;
				DEBUG_INFORMATION_FORMAT = dwarf;
				ENABLE_STRICT_OBJC_MSGSEND = YES;
				ENABLE_TESTABILITY = YES;
				GCC_C_LANGUAGE_STANDARD = gnu11;
				GCC_DYNAMIC_NO_PIC = NO;
				GCC_NO_COMMON_BLOCKS = YES;
				GCC_OPTIMIZATION_LEVEL = 0;
				GCC_PREPROCESSOR_DEFINITIONS = (
					"DEBUG=1",
					"$(inherited)",
				);
				GCC_WARN_64_TO_32_BIT_CONVERSION = YES;
				GCC_WARN_ABOUT_RETURN_TYPE = YES_ERROR;
				GCC_WARN_UNDECLARED_SELECTOR = YES;
				GCC_WARN_UNINITIALIZED_AUTOS = YES_AGGRESSIVE;
				GCC_WARN_UNUSED_FUNCTION = YES;
				GCC_WARN_UNUSED_VARIABLE = YES;
				IPHONEOS_DEPLOYMENT_TARGET = 16.0;
				MTL_ENABLE_DEBUG_INFO = INCLUDE_SOURCE;
				MTL_FAST_MATH = YES;
				ONLY_ACTIVE_ARCH = YES;
				SDKROOT = iphoneos;
				SWIFT_ACTIVE_COMPILATION_CONDITIONS = DEBUG;
				SWIFT_OPTIMIZATION_LEVEL = "-Onone";
			};
			name = Debug;
		};
		6C5F190A29249330007E792A /* Release */ = {
			isa = XCBuildConfiguration;
			buildSettings = {
				ALWAYS_SEARCH_USER_PATHS = NO;
				CLANG_ANALYZER_NONNULL = YES;
				CLANG_ANALYZER_NUMBER_OBJECT_CONVERSION = YES_AGGRESSIVE;
				CLANG_CXX_LANGUAGE_STANDARD = "gnu++20";
				CLANG_ENABLE_MODULES = YES;
				CLANG_ENABLE_OBJC_ARC = YES;
				CLANG_ENABLE_OBJC_WEAK = YES;
				CLANG_WARN_BLOCK_CAPTURE_AUTORELEASING = YES;
				CLANG_WARN_BOOL_CONVERSION = YES;
				CLANG_WARN_COMMA = YES;
				CLANG_WARN_CONSTANT_CONVERSION = YES;
				CLANG_WARN_DEPRECATED_OBJC_IMPLEMENTATIONS = YES;
				CLANG_WARN_DIRECT_OBJC_ISA_USAGE = YES_ERROR;
				CLANG_WARN_DOCUMENTATION_COMMENTS = YES;
				CLANG_WARN_EMPTY_BODY = YES;
				CLANG_WARN_ENUM_CONVERSION = YES;
				CLANG_WARN_INFINITE_RECURSION = YES;
				CLANG_WARN_INT_CONVERSION = YES;
				CLANG_WARN_NON_LITERAL_NULL_CONVERSION = YES;
				CLANG_WARN_OBJC_IMPLICIT_RETAIN_SELF = YES;
				CLANG_WARN_OBJC_LITERAL_CONVERSION = YES;
				CLANG_WARN_OBJC_ROOT_CLASS = YES_ERROR;
				CLANG_WARN_QUOTED_INCLUDE_IN_FRAMEWORK_HEADER = YES;
				CLANG_WARN_RANGE_LOOP_ANALYSIS = YES;
				CLANG_WARN_STRICT_PROTOTYPES = YES;
				CLANG_WARN_SUSPICIOUS_MOVE = YES;
				CLANG_WARN_UNGUARDED_AVAILABILITY = YES_AGGRESSIVE;
				CLANG_WARN_UNREACHABLE_CODE = YES;
				CLANG_WARN__DUPLICATE_METHOD_MATCH = YES;
				COPY_PHASE_STRIP = NO;
				DEBUG_INFORMATION_FORMAT = "dwarf-with-dsym";
				ENABLE_NS_ASSERTIONS = NO;
				ENABLE_STRICT_OBJC_MSGSEND = YES;
				GCC_C_LANGUAGE_STANDARD = gnu11;
				GCC_NO_COMMON_BLOCKS = YES;
				GCC_WARN_64_TO_32_BIT_CONVERSION = YES;
				GCC_WARN_ABOUT_RETURN_TYPE = YES_ERROR;
				GCC_WARN_UNDECLARED_SELECTOR = YES;
				GCC_WARN_UNINITIALIZED_AUTOS = YES_AGGRESSIVE;
				GCC_WARN_UNUSED_FUNCTION = YES;
				GCC_WARN_UNUSED_VARIABLE = YES;
				IPHONEOS_DEPLOYMENT_TARGET = 16.0;
				MTL_ENABLE_DEBUG_INFO = NO;
				MTL_FAST_MATH = YES;
				SDKROOT = iphoneos;
				SWIFT_COMPILATION_MODE = wholemodule;
				SWIFT_OPTIMIZATION_LEVEL = "-O";
				VALIDATE_PRODUCT = YES;
			};
			name = Release;
		};
		6C5F190C29249330007E792A /* Debug */ = {
			isa = XCBuildConfiguration;
			buildSettings = {
				ASSETCATALOG_COMPILER_APPICON_NAME = AppIcon;
				ASSETCATALOG_COMPILER_GLOBAL_ACCENT_COLOR_NAME = AccentColor;
				CODE_SIGN_STYLE = Automatic;
				CURRENT_PROJECT_VERSION = 1;
				DEVELOPMENT_TEAM = 7Q8Q4799J2;
				GENERATE_INFOPLIST_FILE = YES;
				INFOPLIST_FILE = NavigationControllerProgrammatically/Info.plist;
				INFOPLIST_KEY_UIApplicationSupportsIndirectInputEvents = YES;
				INFOPLIST_KEY_UILaunchStoryboardName = LaunchScreen;
				INFOPLIST_KEY_UIMainStoryboardFile = Main;
				INFOPLIST_KEY_UISupportedInterfaceOrientations_iPad = "UIInterfaceOrientationPortrait UIInterfaceOrientationPortraitUpsideDown UIInterfaceOrientationLandscapeLeft UIInterfaceOrientationLandscapeRight";
				INFOPLIST_KEY_UISupportedInterfaceOrientations_iPhone = "UIInterfaceOrientationPortrait UIInterfaceOrientationLandscapeLeft UIInterfaceOrientationLandscapeRight";
				LD_RUNPATH_SEARCH_PATHS = (
					"$(inherited)",
					"@executable_path/Frameworks",
				);
				MARKETING_VERSION = 1.0;
				PRODUCT_BUNDLE_IDENTIFIER = com.aasalesdev.NavigationControllerProgrammatically;
				PRODUCT_NAME = "$(TARGET_NAME)";
				SWIFT_EMIT_LOC_STRINGS = YES;
				SWIFT_VERSION = 5.0;
				TARGETED_DEVICE_FAMILY = "1,2";
			};
			name = Debug;
		};
		6C5F190D29249330007E792A /* Release */ = {
			isa = XCBuildConfiguration;
			buildSettings = {
				ASSETCATALOG_COMPILER_APPICON_NAME = AppIcon;
				ASSETCATALOG_COMPILER_GLOBAL_ACCENT_COLOR_NAME = AccentColor;
				CODE_SIGN_STYLE = Automatic;
				CURRENT_PROJECT_VERSION = 1;
				DEVELOPMENT_TEAM = 7Q8Q4799J2;
				GENERATE_INFOPLIST_FILE = YES;
				INFOPLIST_FILE = NavigationControllerProgrammatically/Info.plist;
				INFOPLIST_KEY_UIApplicationSupportsIndirectInputEvents = YES;
				INFOPLIST_KEY_UILaunchStoryboardName = LaunchScreen;
				INFOPLIST_KEY_UIMainStoryboardFile = Main;
				INFOPLIST_KEY_UISupportedInterfaceOrientations_iPad = "UIInterfaceOrientationPortrait UIInterfaceOrientationPortraitUpsideDown UIInterfaceOrientationLandscapeLeft UIInterfaceOrientationLandscapeRight";
				INFOPLIST_KEY_UISupportedInterfaceOrientations_iPhone = "UIInterfaceOrientationPortrait UIInterfaceOrientationLandscapeLeft UIInterfaceOrientationLandscapeRight";
				LD_RUNPATH_SEARCH_PATHS = (
					"$(inherited)",
					"@executable_path/Frameworks",
				);
				MARKETING_VERSION = 1.0;
				PRODUCT_BUNDLE_IDENTIFIER = com.aasalesdev.NavigationControllerProgrammatically;
				PRODUCT_NAME = "$(TARGET_NAME)";
				SWIFT_EMIT_LOC_STRINGS = YES;
				SWIFT_VERSION = 5.0;
				TARGETED_DEVICE_FAMILY = "1,2";
			};
			name = Release;
		};
/* End XCBuildConfiguration section */

/* Begin XCConfigurationList section */
		6C5F18F22924932F007E792A /* Build configuration list for PBXProject "NavigationControllerProgrammatically" */ = {
			isa = XCConfigurationList;
			buildConfigurations = (
				6C5F190929249330007E792A /* Debug */,
				6C5F190A29249330007E792A /* Release */,
			);
			defaultConfigurationIsVisible = 0;
			defaultConfigurationName = Release;
		};
		6C5F190B29249330007E792A /* Build configuration list for PBXNativeTarget "NavigationControllerProgrammatically" */ = {
			isa = XCConfigurationList;
			buildConfigurations = (
				6C5F190C29249330007E792A /* Debug */,
				6C5F190D29249330007E792A /* Release */,
			);
			defaultConfigurationIsVisible = 0;
			defaultConfigurationName = Release;
		};
/* End XCConfigurationList section */
	};
	rootObject = 6C5F18EF2924932F007E792A /* Project object */;
}
